
Microsoft Visual Studio Solution File, Format Version 12.00
# Visual Studio 15
VisualStudioVersion = 15.0.28307.271
MinimumVisualStudioVersion = 10.0.40219.1
Project("{9A19103F-16F7-4668-BE54-9A1E7A4F7556}") = "API", "API\API.csproj", "{A5412494-6F0D-4679-B68A-C68CBC591E7E}"
EndProject
Project("{9A19103F-16F7-4668-BE54-9A1E7A4F7556}") = "Repository", "Repository\Repository.csproj", "{3AB5A191-4631-472D-974D-F520628C8DC9}"
EndProject
Project("{9A19103F-16F7-4668-BE54-9A1E7A4F7556}") = "Structure", "Structure\Structure.csproj", "{4462A797-F441-4F07-B0E0-A09558D450F5}"
EndProject
Project("{9A19103F-16F7-4668-BE54-9A1E7A4F7556}") = "Service", "Service\Service.csproj", "{6ED44E35-DA5A-4BD0-9EC2-A39E445BC9D6}"
EndProject
Project("{FAE04EC0-301F-11D3-BF4B-00C04F79EFBC}") = "Test", "Test\Test.csproj", "{20B82F98-9131-438F-A997-89264EE6B059}"
EndProject
Global
	GlobalSection(SolutionConfigurationPlatforms) = preSolution
		Debug|Any CPU = Debug|Any CPU
		Release|Any CPU = Release|Any CPU
	EndGlobalSection
	GlobalSection(ProjectConfigurationPlatforms) = postSolution
		{A5412494-6F0D-4679-B68A-C68CBC591E7E}.Debug|Any CPU.ActiveCfg = Debug|Any CPU
		{A5412494-6F0D-4679-B68A-C68CBC591E7E}.Debug|Any CPU.Build.0 = Debug|Any CPU
		{A5412494-6F0D-4679-B68A-C68CBC591E7E}.Release|Any CPU.ActiveCfg = Release|Any CPU
		{A5412494-6F0D-4679-B68A-C68CBC591E7E}.Release|Any CPU.Build.0 = Release|Any CPU
		{3AB5A191-4631-472D-974D-F520628C8DC9}.Debug|Any CPU.ActiveCfg = Debug|Any CPU
		{3AB5A191-4631-472D-974D-F520628C8DC9}.Debug|Any CPU.Build.0 = Debug|Any CPU
		{3AB5A191-4631-472D-974D-F520628C8DC9}.Release|Any CPU.ActiveCfg = Release|Any CPU
		{3AB5A191-4631-472D-974D-F520628C8DC9}.Release|Any CPU.Build.0 = Release|Any CPU
		{4462A797-F441-4F07-B0E0-A09558D450F5}.Debug|Any CPU.ActiveCfg = Debug|Any CPU
		{4462A797-F441-4F07-B0E0-A09558D450F5}.Debug|Any CPU.Build.0 = Debug|Any CPU
		{4462A797-F441-4F07-B0E0-A09558D450F5}.Release|Any CPU.ActiveCfg = Release|Any CPU
		{4462A797-F441-4F07-B0E0-A09558D450F5}.Release|Any CPU.Build.0 = Release|Any CPU
		{6ED44E35-DA5A-4BD0-9EC2-A39E445BC9D6}.Debug|Any CPU.ActiveCfg = Debug|Any CPU
		{6ED44E35-DA5A-4BD0-9EC2-A39E445BC9D6}.Debug|Any CPU.Build.0 = Debug|Any CPU
		{6ED44E35-DA5A-4BD0-9EC2-A39E445BC9D6}.Release|Any CPU.ActiveCfg = Release|Any CPU
		{6ED44E35-DA5A-4BD0-9EC2-A39E445BC9D6}.Release|Any CPU.Build.0 = Release|Any CPU
		{20B82F98-9131-438F-A997-89264EE6B059}.Debug|Any CPU.ActiveCfg = Debug|Any CPU
		{20B82F98-9131-438F-A997-89264EE6B059}.Debug|Any CPU.Build.0 = Debug|Any CPU
		{20B82F98-9131-438F-A997-89264EE6B059}.Release|Any CPU.ActiveCfg = Release|Any CPU
		{20B82F98-9131-438F-A997-89264EE6B059}.Release|Any CPU.Build.0 = Release|Any CPU
	EndGlobalSection
	GlobalSection(SolutionProperties) = preSolution
		HideSolutionNode = FALSE
	EndGlobalSection
	GlobalSection(ExtensibilityGlobals) = postSolution
		SolutionGuid = {EB49852E-5629-4470-AAE9-0BCE7C4EED8B}
	EndGlobalSection
EndGlobal
